{
  "originHash" : "3221e13d53d8596fc6f78bce2e0c150171f87acc5c75edee99923805aff6b640",
  "pins" : [
    {
      "identity" : "home-control-kit",
      "kind" : "remoteSourceControl",
      "location" : "https://github.com/f23a/home-control-kit.git",
      "state" : {
        "revision" : "1368351fdff0b7048afeb1477c5fc2fe48d77f48",
        "version" : "1.2.0"
      }
    }
  ],
  "version" : 3
}
