{
  "originHash" : "bf3cf27525f908a1f9ec84df5e30238f9987ae5168e87afaaa8aa773527756c0",
  "pins" : [
    {
      "identity" : "home-control-client",
      "kind" : "remoteSourceControl",
      "location" : "https://github.com/f23a/home-control-client.git",
      "state" : {
        "revision" : "0e777fd1a8553c6b046c8d65b361e82322557c78",
        "version" : "1.7.4"
      }
    },
    {
      "identity" : "home-control-kit",
      "kind" : "remoteSourceControl",
      "location" : "https://github.com/f23a/home-control-kit.git",
      "state" : {
        "revision" : "82fda10ef6d0841b3ad481f82b048e67b95144a4",
        "version" : "1.8.5"
      }
    },
    {
      "identity" : "home-control-logging",
      "kind" : "remoteSourceControl",
      "location" : "https://github.com/f23a/home-control-logging.git",
      "state" : {
        "revision" : "8f37597c3a4c17a2ea8235d4343feba6766756da",
        "version" : "1.0.0"
      }
    },
    {
      "identity" : "swift-log",
      "kind" : "remoteSourceControl",
      "location" : "https://github.com/apple/swift-log.git",
      "state" : {
        "revision" : "9cb486020ebf03bfa5b5df985387a14a98744537",
        "version" : "1.6.1"
      }
    }
  ],
  "version" : 3
}
